// !$*UTF8*$!
{
	archiveVersion = 1;
	classes = {
	};
	objectVersion = 77;
	objects = {

/* Begin PBXContainerItemProxy section */
		41A8FFA12CD31850005BC906 /* PBXContainerItemProxy */ = {
			isa = PBXContainerItemProxy;
			containerPortal = 41A8FF882CD3184F005BC906 /* Project object */;
			proxyType = 1;
			remoteGlobalIDString = 41A8FF8F2CD3184F005BC906;
			remoteInfo = AppleMusicPlayer;
		};
		41A8FFAB2CD31850005BC906 /* PBXContainerItemProxy */ = {
			isa = PBXContainerItemProxy;
			containerPortal = 41A8FF882CD3184F005BC906 /* Project object */;
			proxyType = 1;
			remoteGlobalIDString = 41A8FF8F2CD3184F005BC906;
			remoteInfo = AppleMusicPlayer;
		};
/* End PBXContainerItemProxy section */

/* Begin PBXFileReference section */
		41A8FF902CD3184F005BC906 /* AppleMusicPlayer.app */ = {isa = PBXFileReference; explicitFileType = wrapper.application; includeInIndex = 0; path = AppleMusicPlayer.app; sourceTree = BUILT_PRODUCTS_DIR; };
		41A8FFA02CD31850005BC906 /* AppleMusicPlayerTests.xctest */ = {isa = PBXFileReference; explicitFileType = wrapper.cfbundle; includeInIndex = 0; path = AppleMusicPlayerTests.xctest; sourceTree = BUILT_PRODUCTS_DIR; };
		41A8FFAA2CD31850005BC906 /* AppleMusicPlayerUITests.xctest */ = {isa = PBXFileReference; explicitFileType = wrapper.cfbundle; includeInIndex = 0; path = AppleMusicPlayerUITests.xctest; sourceTree = BUILT_PRODUCTS_DIR; };
/* End PBXFileReference section */

/* Begin PBXFileSystemSynchronizedRootGroup section */
		41A8FF922CD3184F005BC906 /* AppleMusicPlayer */ = {
			isa = PBXFileSystemSynchronizedRootGroup;
			path = AppleMusicPlayer;
			sourceTree = "<group>";
		};
		41A8FFA32CD31850005BC906 /* AppleMusicPlayerTests */ = {
			isa = PBXFileSystemSynchronizedRootGroup;
			path = AppleMusicPlayerTests;
			sourceTree = "<group>";
		};
		41A8FFAD2CD31850005BC906 /* AppleMusicPlayerUITests */ = {
			isa = PBXFileSystemSynchronizedRootGroup;
			path = AppleMusicPlayerUITests;
			sourceTree = "<group>";
		};
/* End PBXFileSystemSynchronizedRootGroup section */

/* Begin PBXFrameworksBuildPhase section */
		41A8FF8D2CD3184F005BC906 /* Frameworks */ = {
			isa = PBXFrameworksBuildPhase;
			buildActionMask = 2147483647;
			files = (
			);
			runOnlyForDeploymentPostprocessing = 0;
		};
		41A8FF9D2CD31850005BC906 /* Frameworks */ = {
			isa = PBXFrameworksBuildPhase;
			buildActionMask = 2147483647;
			files = (
			);
			runOnlyForDeploymentPostprocessing = 0;
		};
		41A8FFA72CD31850005BC906 /* Frameworks */ = {
			isa = PBXFrameworksBuildPhase;
			buildActionMask = 2147483647;
			files = (
			);
			runOnlyForDeploymentPostprocessing = 0;
		};
/* End PBXFrameworksBuildPhase section */

/* Begin PBXGroup section */
		41A8FF872CD3184F005BC906 = {
			isa = PBXGroup;
			children = (
				41A8FF922CD3184F005BC906 /* AppleMusicPlayer */,
				41A8FFA32CD31850005BC906 /* AppleMusicPlayerTests */,
				41A8FFAD2CD31850005BC906 /* AppleMusicPlayerUITests */,
				41A8FF912CD3184F005BC906 /* Products */,
			);
			sourceTree = "<group>";
		};
		41A8FF912CD3184F005BC906 /* Products */ = {
			isa = PBXGroup;
			children = (
				41A8FF902CD3184F005BC906 /* AppleMusicPlayer.app */,
				41A8FFA02CD31850005BC906 /* AppleMusicPlayerTests.xctest */,
				41A8FFAA2CD31850005BC906 /* AppleMusicPlayerUITests.xctest */,
			);
			name = Products;
			sourceTree = "<group>";
		};
/* End PBXGroup section */

/* Begin PBXNativeTarget section */
		41A8FF8F2CD3184F005BC906 /* AppleMusicPlayer */ = {
			isa = PBXNativeTarget;
			buildConfigurationList = 41A8FFB42CD31850005BC906 /* Build configuration list for PBXNativeTarget "AppleMusicPlayer" */;
			buildPhases = (
				41A8FF8C2CD3184F005BC906 /* Sources */,
				41A8FF8D2CD3184F005BC906 /* Frameworks */,
				41A8FF8E2CD3184F005BC906 /* Resources */,
			);
			buildRules = (
			);
			dependencies = (
			);
			fileSystemSynchronizedGroups = (
				41A8FF922CD3184F005BC906 /* AppleMusicPlayer */,
			);
			name = AppleMusicPlayer;
			packageProductDependencies = (
			);
			productName = AppleMusicPlayer;
			productReference = 41A8FF902CD3184F005BC906 /* AppleMusicPlayer.app */;
			productType = "com.apple.product-type.application";
		};
		41A8FF9F2CD31850005BC906 /* AppleMusicPlayerTests */ = {
			isa = PBXNativeTarget;
			buildConfigurationList = 41A8FFB72CD31850005BC906 /* Build configuration list for PBXNativeTarget "AppleMusicPlayerTests" */;
			buildPhases = (
				41A8FF9C2CD31850005BC906 /* Sources */,
				41A8FF9D2CD31850005BC906 /* Frameworks */,
				41A8FF9E2CD31850005BC906 /* Resources */,
			);
			buildRules = (
			);
			dependencies = (
				41A8FFA22CD31850005BC906 /* PBXTargetDependency */,
			);
			fileSystemSynchronizedGroups = (
				41A8FFA32CD31850005BC906 /* AppleMusicPlayerTests */,
			);
			name = AppleMusicPlayerTests;
			packageProductDependencies = (
			);
			productName = AppleMusicPlayerTests;
			productReference = 41A8FFA02CD31850005BC906 /* AppleMusicPlayerTests.xctest */;
			productType = "com.apple.product-type.bundle.unit-test";
		};
		41A8FFA92CD31850005BC906 /* AppleMusicPlayerUITests */ = {
			isa = PBXNativeTarget;
			buildConfigurationList = 41A8FFBA2CD31850005BC906 /* Build configuration list for PBXNativeTarget "AppleMusicPlayerUITests" */;
			buildPhases = (
				41A8FFA62CD31850005BC906 /* Sources */,
				41A8FFA72CD31850005BC906 /* Frameworks */,
				41A8FFA82CD31850005BC906 /* Resources */,
			);
			buildRules = (
			);
			dependencies = (
				41A8FFAC2CD31850005BC906 /* PBXTargetDependency */,
			);
			fileSystemSynchronizedGroups = (
				41A8FFAD2CD31850005BC906 /* AppleMusicPlayerUITests */,
			);
			name = AppleMusicPlayerUITests;
			packageProductDependencies = (
			);
			productName = AppleMusicPlayerUITests;
			productReference = 41A8FFAA2CD31850005BC906 /* AppleMusicPlayerUITests.xctest */;
			productType = "com.apple.product-type.bundle.ui-testing";
		};
/* End PBXNativeTarget section */

/* Begin PBXProject section */
		41A8FF882CD3184F005BC906 /* Project object */ = {
			isa = PBXProject;
			attributes = {
				BuildIndependentTargetsInParallel = 1;
				LastSwiftUpdateCheck = 1600;
				LastUpgradeCheck = 1600;
				TargetAttributes = {
					41A8FF8F2CD3184F005BC906 = {
						CreatedOnToolsVersion = 16.0;
					};
					41A8FF9F2CD31850005BC906 = {
						CreatedOnToolsVersion = 16.0;
						TestTargetID = 41A8FF8F2CD3184F005BC906;
					};
					41A8FFA92CD31850005BC906 = {
						CreatedOnToolsVersion = 16.0;
						TestTargetID = 41A8FF8F2CD3184F005BC906;
					};
				};
			};
			buildConfigurationList = 41A8FF8B2CD3184F005BC906 /* Build configuration list for PBXProject "AppleMusicPlayer" */;
			developmentRegion = en;
			hasScannedForEncodings = 0;
			knownRegions = (
				en,
				Base,
			);
			mainGroup = 41A8FF872CD3184F005BC906;
			minimizedProjectReferenceProxies = 1;
			preferredProjectObjectVersion = 77;
			productRefGroup = 41A8FF912CD3184F005BC906 /* Products */;
			projectDirPath = "";
			projectRoot = "";
			targets = (
				41A8FF8F2CD3184F005BC906 /* AppleMusicPlayer */,
				41A8FF9F2CD31850005BC906 /* AppleMusicPlayerTests */,
				41A8FFA92CD31850005BC906 /* AppleMusicPlayerUITests */,
			);
		};
/* End PBXProject section */

/* Begin PBXResourcesBuildPhase section */
		41A8FF8E2CD3184F005BC906 /* Resources */ = {
			isa = PBXResourcesBuildPhase;
			buildActionMask = 2147483647;
			files = (
			);
			runOnlyForDeploymentPostprocessing = 0;
		};
		41A8FF9E2CD31850005BC906 /* Resources */ = {
			isa = PBXResourcesBuildPhase;
			buildActionMask = 2147483647;
			files = (
			);
			runOnlyForDeploymentPostprocessing = 0;
		};
		41A8FFA82CD31850005BC906 /* Resources */ = {
			isa = PBXResourcesBuildPhase;
			buildActionMask = 2147483647;
			files = (
			);
			runOnlyForDeploymentPostprocessing = 0;
		};
/* End PBXResourcesBuildPhase section */

/* Begin PBXSourcesBuildPhase section */
		41A8FF8C2CD3184F005BC906 /* Sources */ = {
			isa = PBXSourcesBuildPhase;
			buildActionMask = 2147483647;
			files = (
			);
			runOnlyForDeploymentPostprocessing = 0;
		};
		41A8FF9C2CD31850005BC906 /* Sources */ = {
			isa = PBXSourcesBuildPhase;
			buildActionMask = 2147483647;
			files = (
			);
			runOnlyForDeploymentPostprocessing = 0;
		};
		41A8FFA62CD31850005BC906 /* Sources */ = {
			isa = PBXSourcesBuildPhase;
			buildActionMask = 2147483647;
			files = (
			);
			runOnlyForDeploymentPostprocessing = 0;
		};
/* End PBXSourcesBuildPhase section */

/* Begin PBXTargetDependency section */
		41A8FFA22CD31850005BC906 /* PBXTargetDependency */ = {
			isa = PBXTargetDependency;
			target = 41A8FF8F2CD3184F005BC906 /* AppleMusicPlayer */;
			targetProxy = 41A8FFA12CD31850005BC906 /* PBXContainerItemProxy */;
		};
		41A8FFAC2CD31850005BC906 /* PBXTargetDependency */ = {
			isa = PBXTargetDependency;
			target = 41A8FF8F2CD3184F005BC906 /* AppleMusicPlayer */;
			targetProxy = 41A8FFAB2CD31850005BC906 /* PBXContainerItemProxy */;
		};
/* End PBXTargetDependency section */

/* Begin XCBuildConfiguration section */
		41A8FFB22CD31850005BC906 /* Debug */ = {
			isa = XCBuildConfiguration;
			buildSettings = {
				ALWAYS_SEARCH_USER_PATHS = NO;
				ASSETCATALOG_COMPILER_GENERATE_SWIFT_ASSET_SYMBOL_EXTENSIONS = YES;
				CLANG_ANALYZER_NONNULL = YES;
				CLANG_ANALYZER_NUMBER_OBJECT_CONVERSION = YES_AGGRESSIVE;
				CLANG_CXX_LANGUAGE_STANDARD = "gnu++20";
				CLANG_ENABLE_MODULES = YES;
				CLANG_ENABLE_OBJC_ARC = YES;
				CLANG_ENABLE_OBJC_WEAK = YES;
				CLANG_WARN_BLOCK_CAPTURE_AUTORELEASING = YES;
				CLANG_WARN_BOOL_CONVERSION = YES;
				CLANG_WARN_COMMA = YES;
				CLANG_WARN_CONSTANT_CONVERSION = YES;
				CLANG_WARN_DEPRECATED_OBJC_IMPLEMENTATIONS = YES;
				CLANG_WARN_DIRECT_OBJC_ISA_USAGE = YES_ERROR;
				CLANG_WARN_DOCUMENTATION_COMMENTS = YES;
				CLANG_WARN_EMPTY_BODY = YES;
				CLANG_WARN_ENUM_CONVERSION = YES;
				CLANG_WARN_INFINITE_RECURSION = YES;
				CLANG_WARN_INT_CONVERSION = YES;
				CLANG_WARN_NON_LITERAL_NULL_CONVERSION = YES;
				CLANG_WARN_OBJC_IMPLICIT_RETAIN_SELF = YES;
				CLANG_WARN_OBJC_LITERAL_CONVERSION = YES;
				CLANG_WARN_OBJC_ROOT_CLASS = YES_ERROR;
				CLANG_WARN_QUOTED_INCLUDE_IN_FRAMEWORK_HEADER = YES;
				CLANG_WARN_RANGE_LOOP_ANALYSIS = YES;
				CLANG_WARN_STRICT_PROTOTYPES = YES;
				CLANG_WARN_SUSPICIOUS_MOVE = YES;
				CLANG_WARN_UNGUARDED_AVAILABILITY = YES_AGGRESSIVE;
				CLANG_WARN_UNREACHABLE_CODE = YES;
				CLANG_WARN__DUPLICATE_METHOD_MATCH = YES;
				COPY_PHASE_STRIP = NO;
				DEBUG_INFORMATION_FORMAT = dwarf;
				ENABLE_STRICT_OBJC_MSGSEND = YES;
				ENABLE_TESTABILITY = YES;
				ENABLE_USER_SCRIPT_SANDBOXING = YES;
				GCC_C_LANGUAGE_STANDARD = gnu17;
				GCC_DYNAMIC_NO_PIC = NO;
				GCC_NO_COMMON_BLOCKS = YES;
				GCC_OPTIMIZATION_LEVEL = 0;
				GCC_PREPROCESSOR_DEFINITIONS = (
					"DEBUG=1",
					"$(inherited)",
				);
				GCC_WARN_64_TO_32_BIT_CONVERSION = YES;
				GCC_WARN_ABOUT_RETURN_TYPE = YES_ERROR;
				GCC_WARN_UNDECLARED_SELECTOR = YES;
				GCC_WARN_UNINITIALIZED_AUTOS = YES_AGGRESSIVE;
				GCC_WARN_UNUSED_FUNCTION = YES;
				GCC_WARN_UNUSED_VARIABLE = YES;
				IPHONEOS_DEPLOYMENT_TARGET = 18.0;
				LOCALIZATION_PREFERS_STRING_CATALOGS = YES;
				MTL_ENABLE_DEBUG_INFO = INCLUDE_SOURCE;
				MTL_FAST_MATH = YES;
				ONLY_ACTIVE_ARCH = YES;
				SDKROOT = iphoneos;
				SWIFT_ACTIVE_COMPILATION_CONDITIONS = "DEBUG $(inherited)";
				SWIFT_OPTIMIZATION_LEVEL = "-Onone";
			};
			name = Debug;
		};
		41A8FFB32CD31850005BC906 /* Release */ = {
			isa = XCBuildConfiguration;
			buildSettings = {
				ALWAYS_SEARCH_USER_PATHS = NO;
				ASSETCATALOG_COMPILER_GENERATE_SWIFT_ASSET_SYMBOL_EXTENSIONS = YES;
				CLANG_ANALYZER_NONNULL = YES;
				CLANG_ANALYZER_NUMBER_OBJECT_CONVERSION = YES_AGGRESSIVE;
				CLANG_CXX_LANGUAGE_STANDARD = "gnu++20";
				CLANG_ENABLE_MODULES = YES;
				CLANG_ENABLE_OBJC_ARC = YES;
				CLANG_ENABLE_OBJC_WEAK = YES;
				CLANG_WARN_BLOCK_CAPTURE_AUTORELEASING = YES;
				CLANG_WARN_BOOL_CONVERSION = YES;
				CLANG_WARN_COMMA = YES;
				CLANG_WARN_CONSTANT_CONVERSION = YES;
				CLANG_WARN_DEPRECATED_OBJC_IMPLEMENTATIONS = YES;
				CLANG_WARN_DIRECT_OBJC_ISA_USAGE = YES_ERROR;
				CLANG_WARN_DOCUMENTATION_COMMENTS = YES;
				CLANG_WARN_EMPTY_BODY = YES;
				CLANG_WARN_ENUM_CONVERSION = YES;
				CLANG_WARN_INFINITE_RECURSION = YES;
				CLANG_WARN_INT_CONVERSION = YES;
				CLANG_WARN_NON_LITERAL_NULL_CONVERSION = YES;
				CLANG_WARN_OBJC_IMPLICIT_RETAIN_SELF = YES;
				CLANG_WARN_OBJC_LITERAL_CONVERSION = YES;
				CLANG_WARN_OBJC_ROOT_CLASS = YES_ERROR;
				CLANG_WARN_QUOTED_INCLUDE_IN_FRAMEWORK_HEADER = YES;
				CLANG_WARN_RANGE_LOOP_ANALYSIS = YES;
				CLANG_WARN_STRICT_PROTOTYPES = YES;
				CLANG_WARN_SUSPICIOUS_MOVE = YES;
				CLANG_WARN_UNGUARDED_AVAILABILITY = YES_AGGRESSIVE;
				CLANG_WARN_UNREACHABLE_CODE = YES;
				CLANG_WARN__DUPLICATE_METHOD_MATCH = YES;
				COPY_PHASE_STRIP = NO;
				DEBUG_INFORMATION_FORMAT = "dwarf-with-dsym";
				ENABLE_NS_ASSERTIONS = NO;
				ENABLE_STRICT_OBJC_MSGSEND = YES;
				ENABLE_USER_SCRIPT_SANDBOXING = YES;
				GCC_C_LANGUAGE_STANDARD = gnu17;
				GCC_NO_COMMON_BLOCKS = YES;
				GCC_WARN_64_TO_32_BIT_CONVERSION = YES;
				GCC_WARN_ABOUT_RETURN_TYPE = YES_ERROR;
				GCC_WARN_UNDECLARED_SELECTOR = YES;
				GCC_WARN_UNINITIALIZED_AUTOS = YES_AGGRESSIVE;
				GCC_WARN_UNUSED_FUNCTION = YES;
				GCC_WARN_UNUSED_VARIABLE = YES;
				IPHONEOS_DEPLOYMENT_TARGET = 18.0;
				LOCALIZATION_PREFERS_STRING_CATALOGS = YES;
				MTL_ENABLE_DEBUG_INFO = NO;
				MTL_FAST_MATH = YES;
				SDKROOT = iphoneos;
				SWIFT_COMPILATION_MODE = wholemodule;
				VALIDATE_PRODUCT = YES;
			};
			name = Release;
		};
		41A8FFB52CD31850005BC906 /* Debug */ = {
			isa = XCBuildConfiguration;
			buildSettings = {
				ASSETCATALOG_COMPILER_APPICON_NAME = AppIcon;
				ASSETCATALOG_COMPILER_GLOBAL_ACCENT_COLOR_NAME = AccentColor;
				CODE_SIGN_STYLE = Automatic;
				CURRENT_PROJECT_VERSION = 1;
				DEVELOPMENT_ASSET_PATHS = "\"AppleMusicPlayer/Preview Content\"";
				DEVELOPMENT_TEAM = 7LWP52TBQU;
				ENABLE_PREVIEWS = YES;
				GENERATE_INFOPLIST_FILE = YES;
				INFOPLIST_KEY_UIApplicationSceneManifest_Generation = YES;
				INFOPLIST_KEY_UIApplicationSupportsIndirectInputEvents = YES;
				INFOPLIST_KEY_UILaunchScreen_Generation = YES;
				INFOPLIST_KEY_UISupportedInterfaceOrientations_iPad = "UIInterfaceOrientationPortrait UIInterfaceOrientationPortraitUpsideDown UIInterfaceOrientationLandscapeLeft UIInterfaceOrientationLandscapeRight";
				INFOPLIST_KEY_UISupportedInterfaceOrientations_iPhone = "UIInterfaceOrientationPortrait UIInterfaceOrientationLandscapeLeft UIInterfaceOrientationLandscapeRight";
				LD_RUNPATH_SEARCH_PATHS = (
					"$(inherited)",
					"@executable_path/Frameworks",
				);
				MARKETING_VERSION = 1.0;
				PRODUCT_BUNDLE_IDENTIFIER = com.rileybrookins.AppleMusicPlayer;
				PRODUCT_NAME = "$(TARGET_NAME)";
				SWIFT_EMIT_LOC_STRINGS = YES;
				SWIFT_VERSION = 5.0;
				TARGETED_DEVICE_FAMILY = "1,2";
			};
			name = Debug;
		};
		41A8FFB62CD31850005BC906 /* Release */ = {
			isa = XCBuildConfiguration;
			buildSettings = {
				ASSETCATALOG_COMPILER_APPICON_NAME = AppIcon;
				ASSETCATALOG_COMPILER_GLOBAL_ACCENT_COLOR_NAME = AccentColor;
				CODE_SIGN_STYLE = Automatic;
				CURRENT_PROJECT_VERSION = 1;
				DEVELOPMENT_ASSET_PATHS = "\"AppleMusicPlayer/Preview Content\"";
				DEVELOPMENT_TEAM = 7LWP52TBQU;
				ENABLE_PREVIEWS = YES;
				GENERATE_INFOPLIST_FILE = YES;
				INFOPLIST_KEY_UIApplicationSceneManifest_Generation = YES;
				INFOPLIST_KEY_UIApplicationSupportsIndirectInputEvents = YES;
				INFOPLIST_KEY_UILaunchScreen_Generation = YES;
				INFOPLIST_KEY_UISupportedInterfaceOrientations_iPad = "UIInterfaceOrientationPortrait UIInterfaceOrientationPortraitUpsideDown UIInterfaceOrientationLandscapeLeft UIInterfaceOrientationLandscapeRight";
				INFOPLIST_KEY_UISupportedInterfaceOrientations_iPhone = "UIInterfaceOrientationPortrait UIInterfaceOrientationLandscapeLeft UIInterfaceOrientationLandscapeRight";
				LD_RUNPATH_SEARCH_PATHS = (
					"$(inherited)",
					"@executable_path/Frameworks",
				);
				MARKETING_VERSION = 1.0;
				PRODUCT_BUNDLE_IDENTIFIER = com.rileybrookins.AppleMusicPlayer;
				PRODUCT_NAME = "$(TARGET_NAME)";
				SWIFT_EMIT_LOC_STRINGS = YES;
				SWIFT_VERSION = 5.0;
				TARGETED_DEVICE_FAMILY = "1,2";
			};
			name = Release;
		};
		41A8FFB82CD31850005BC906 /* Debug */ = {
			isa = XCBuildConfiguration;
			buildSettings = {
				BUNDLE_LOADER = "$(TEST_HOST)";
				CODE_SIGN_STYLE = Automatic;
				CURRENT_PROJECT_VERSION = 1;
				DEVELOPMENT_TEAM = 7LWP52TBQU;
				GENERATE_INFOPLIST_FILE = YES;
				IPHONEOS_DEPLOYMENT_TARGET = 18.0;
				MARKETING_VERSION = 1.0;
				PRODUCT_BUNDLE_IDENTIFIER = com.rileybrookins.AppleMusicPlayerTests;
				PRODUCT_NAME = "$(TARGET_NAME)";
				SWIFT_EMIT_LOC_STRINGS = NO;
				SWIFT_VERSION = 5.0;
				TARGETED_DEVICE_FAMILY = "1,2";
				TEST_HOST = "$(BUILT_PRODUCTS_DIR)/AppleMusicPlayer.app/$(BUNDLE_EXECUTABLE_FOLDER_PATH)/AppleMusicPlayer";
			};
			name = Debug;
		};
		41A8FFB92CD31850005BC906 /* Release */ = {
			isa = XCBuildConfiguration;
			buildSettings = {
				BUNDLE_LOADER = "$(TEST_HOST)";
				CODE_SIGN_STYLE = Automatic;
				CURRENT_PROJECT_VERSION = 1;
				DEVELOPMENT_TEAM = 7LWP52TBQU;
				GENERATE_INFOPLIST_FILE = YES;
				IPHONEOS_DEPLOYMENT_TARGET = 18.0;
				MARKETING_VERSION = 1.0;
				PRODUCT_BUNDLE_IDENTIFIER = com.rileybrookins.AppleMusicPlayerTests;
				PRODUCT_NAME = "$(TARGET_NAME)";
				SWIFT_EMIT_LOC_STRINGS = NO;
				SWIFT_VERSION = 5.0;
				TARGETED_DEVICE_FAMILY = "1,2";
				TEST_HOST = "$(BUILT_PRODUCTS_DIR)/AppleMusicPlayer.app/$(BUNDLE_EXECUTABLE_FOLDER_PATH)/AppleMusicPlayer";
			};
			name = Release;
		};
		41A8FFBB2CD31850005BC906 /* Debug */ = {
			isa = XCBuildConfiguration;
			buildSettings = {
				CODE_SIGN_STYLE = Automatic;
				CURRENT_PROJECT_VERSION = 1;
				DEVELOPMENT_TEAM = 7LWP52TBQU;
				GENERATE_INFOPLIST_FILE = YES;
				MARKETING_VERSION = 1.0;
				PRODUCT_BUNDLE_IDENTIFIER = com.rileybrookins.AppleMusicPlayerUITests;
				PRODUCT_NAME = "$(TARGET_NAME)";
				SWIFT_EMIT_LOC_STRINGS = NO;
				SWIFT_VERSION = 5.0;
				TARGETED_DEVICE_FAMILY = "1,2";
				TEST_TARGET_NAME = AppleMusicPlayer;
			};
			name = Debug;
		};
		41A8FFBC2CD31850005BC906 /* Release */ = {
			isa = XCBuildConfiguration;
			buildSettings = {
				CODE_SIGN_STYLE = Automatic;
				CURRENT_PROJECT_VERSION = 1;
				DEVELOPMENT_TEAM = 7LWP52TBQU;
				GENERATE_INFOPLIST_FILE = YES;
				MARKETING_VERSION = 1.0;
				PRODUCT_BUNDLE_IDENTIFIER = com.rileybrookins.AppleMusicPlayerUITests;
				PRODUCT_NAME = "$(TARGET_NAME)";
				SWIFT_EMIT_LOC_STRINGS = NO;
				SWIFT_VERSION = 5.0;
				TARGETED_DEVICE_FAMILY = "1,2";
				TEST_TARGET_NAME = AppleMusicPlayer;
			};
			name = Release;
		};
/* End XCBuildConfiguration section */

/* Begin XCConfigurationList section */
		41A8FF8B2CD3184F005BC906 /* Build configuration list for PBXProject "AppleMusicPlayer" */ = {
			isa = XCConfigurationList;
			buildConfigurations = (
				41A8FFB22CD31850005BC906 /* Debug */,
				41A8FFB32CD31850005BC906 /* Release */,
			);
			defaultConfigurationIsVisible = 0;
			defaultConfigurationName = Release;
		};
		41A8FFB42CD31850005BC906 /* Build configuration list for PBXNativeTarget "AppleMusicPlayer" */ = {
			isa = XCConfigurationList;
			buildConfigurations = (
				41A8FFB52CD31850005BC906 /* Debug */,
				41A8FFB62CD31850005BC906 /* Release */,
			);
			defaultConfigurationIsVisible = 0;
			defaultConfigurationName = Release;
		};
		41A8FFB72CD31850005BC906 /* Build configuration list for PBXNativeTarget "AppleMusicPlayerTests" */ = {
			isa = XCConfigurationList;
			buildConfigurations = (
				41A8FFB82CD31850005BC906 /* Debug */,
				41A8FFB92CD31850005BC906 /* Release */,
			);
			defaultConfigurationIsVisible = 0;
			defaultConfigurationName = Release;
		};
		41A8FFBA2CD31850005BC906 /* Build configuration list for PBXNativeTarget "AppleMusicPlayerUITests" */ = {
			isa = XCConfigurationList;
			buildConfigurations = (
				41A8FFBB2CD31850005BC906 /* Debug */,
				41A8FFBC2CD31850005BC906 /* Release */,
			);
			defaultConfigurationIsVisible = 0;
			defaultConfigurationName = Release;
		};
/* End XCConfigurationList section */
	};
	rootObject = 41A8FF882CD3184F005BC906 /* Project object */;
}
